
Microsoft Visual Studio Solution File, Format Version 12.00
# Visual Studio Version 17
VisualStudioVersion = 17.0.31903.59
MinimumVisualStudioVersion = 10.0.40219.1
Project("{2150E333-8FDC-42A3-9474-1A3956D46DE8}") = "Shared", "Shared", "{4F52FD11-658E-A102-6CD3-7D7C16FFA15B}"
EndProject
Project("{FAE04EC0-301F-11D3-BF4B-00C04F79EFBC}") = "StudentInternshipJobPortal.Shared", "Shared\StudentInternshipJobPortal.Shared.csproj", "{CC161439-51E1-4AEB-B0C7-2E87143004A9}"
EndProject
Project("{2150E333-8FDC-42A3-9474-1A3956D46DE8}") = "DesktopAdmin", "DesktopAdmin", "{DBA93A7D-894B-9423-BD7C-366DE45CB573}"
EndProject
Project("{FAE04EC0-301F-11D3-BF4B-00C04F79EFBC}") = "StudentInternshipJobPortal.DesktopAdmin", "DesktopAdmin\StudentInternshipJobPortal.DesktopAdmin.csproj", "{B530F05E-06C1-4198-A596-9463052FAA85}"
EndProject
Global
	GlobalSection(SolutionConfigurationPlatforms) = preSolution
		Debug|Any CPU = Debug|Any CPU
		Debug|x64 = Debug|x64
		Debug|x86 = Debug|x86
		Release|Any CPU = Release|Any CPU
		Release|x64 = Release|x64
		Release|x86 = Release|x86
	EndGlobalSection
	GlobalSection(ProjectConfigurationPlatforms) = postSolution
		{CC161439-51E1-4AEB-B0C7-2E87143004A9}.Debug|Any CPU.ActiveCfg = Debug|Any CPU
		{CC161439-51E1-4AEB-B0C7-2E87143004A9}.Debug|Any CPU.Build.0 = Debug|Any CPU
		{CC161439-51E1-4AEB-B0C7-2E87143004A9}.Debug|x64.ActiveCfg = Debug|Any CPU
		{CC161439-51E1-4AEB-B0C7-2E87143004A9}.Debug|x64.Build.0 = Debug|Any CPU
		{CC161439-51E1-4AEB-B0C7-2E87143004A9}.Debug|x86.ActiveCfg = Debug|Any CPU
		{CC161439-51E1-4AEB-B0C7-2E87143004A9}.Debug|x86.Build.0 = Debug|Any CPU
		{CC161439-51E1-4AEB-B0C7-2E87143004A9}.Release|Any CPU.ActiveCfg = Release|Any CPU
		{CC161439-51E1-4AEB-B0C7-2E87143004A9}.Release|Any CPU.Build.0 = Release|Any CPU
		{CC161439-51E1-4AEB-B0C7-2E87143004A9}.Release|x64.ActiveCfg = Release|Any CPU
		{CC161439-51E1-4AEB-B0C7-2E87143004A9}.Release|x64.Build.0 = Release|Any CPU
		{CC161439-51E1-4AEB-B0C7-2E87143004A9}.Release|x86.ActiveCfg = Release|Any CPU
		{CC161439-51E1-4AEB-B0C7-2E87143004A9}.Release|x86.Build.0 = Release|Any CPU
		{B530F05E-06C1-4198-A596-9463052FAA85}.Debug|Any CPU.ActiveCfg = Debug|Any CPU
		{B530F05E-06C1-4198-A596-9463052FAA85}.Debug|Any CPU.Build.0 = Debug|Any CPU
		{B530F05E-06C1-4198-A596-9463052FAA85}.Debug|x64.ActiveCfg = Debug|Any CPU
		{B530F05E-06C1-4198-A596-9463052FAA85}.Debug|x64.Build.0 = Debug|Any CPU
		{B530F05E-06C1-4198-A596-9463052FAA85}.Debug|x86.ActiveCfg = Debug|Any CPU
		{B530F05E-06C1-4198-A596-9463052FAA85}.Debug|x86.Build.0 = Debug|Any CPU
		{B530F05E-06C1-4198-A596-9463052FAA85}.Release|Any CPU.ActiveCfg = Release|Any CPU
		{B530F05E-06C1-4198-A596-9463052FAA85}.Release|Any CPU.Build.0 = Release|Any CPU
		{B530F05E-06C1-4198-A596-9463052FAA85}.Release|x64.ActiveCfg = Release|Any CPU
		{B530F05E-06C1-4198-A596-9463052FAA85}.Release|x64.Build.0 = Release|Any CPU
		{B530F05E-06C1-4198-A596-9463052FAA85}.Release|x86.ActiveCfg = Release|Any CPU
		{B530F05E-06C1-4198-A596-9463052FAA85}.Release|x86.Build.0 = Release|Any CPU
	EndGlobalSection
	GlobalSection(SolutionProperties) = preSolution
		HideSolutionNode = FALSE
	EndGlobalSection
	GlobalSection(NestedProjects) = preSolution
		{CC161439-51E1-4AEB-B0C7-2E87143004A9} = {4F52FD11-658E-A102-6CD3-7D7C16FFA15B}
		{B530F05E-06C1-4198-A596-9463052FAA85} = {DBA93A7D-894B-9423-BD7C-366DE45CB573}
	EndGlobalSection
EndGlobal
